# This file is automatically @generated by Cargo.
# It is not intended for manual editing.
version = 4

[[package]]
name = "messaging-admin"
version = "0.0.1"
dependencies = [
 "messaging-core",
]

[[package]]
name = "messaging-core"
version = "0.0.1"

[[package]]
name = "messaging-server"
version = "0.0.1"
dependencies = [
 "messaging-core",
]
